
Microsoft Visual Studio Solution File, Format Version 12.00
# Visual Studio Version 17
VisualStudioVersion = 17.9.34622.214
MinimumVisualStudioVersion = 10.0.40219.1
Project("{9A19103F-16F7-4668-BE54-9A1E7A4F7556}") = "Mission11-Brammer", "Mission11-Brammer\Mission11-Brammer.csproj", "{55D271DD-699F-436C-85F0-3302939A4C67}"
EndProject
Global
	GlobalSection(SolutionConfigurationPlatforms) = preSolution
		Debug|Any CPU = Debug|Any CPU
		Release|Any CPU = Release|Any CPU
	EndGlobalSection
	GlobalSection(ProjectConfigurationPlatforms) = postSolution
		{55D271DD-699F-436C-85F0-3302939A4C67}.Debug|Any CPU.ActiveCfg = Debug|Any CPU
		{55D271DD-699F-436C-85F0-3302939A4C67}.Debug|Any CPU.Build.0 = Debug|Any CPU
		{55D271DD-699F-436C-85F0-3302939A4C67}.Release|Any CPU.ActiveCfg = Release|Any CPU
		{55D271DD-699F-436C-85F0-3302939A4C67}.Release|Any CPU.Build.0 = Release|Any CPU
	EndGlobalSection
	GlobalSection(SolutionProperties) = preSolution
		HideSolutionNode = FALSE
	EndGlobalSection
	GlobalSection(ExtensibilityGlobals) = postSolution
		SolutionGuid = {C309442E-35A9-4226-B66A-7E2902D9DE0C}
	EndGlobalSection
EndGlobal
